
Microsoft Visual Studio Solution File, Format Version 12.00
# Visual Studio Version 17
VisualStudioVersion = 17.10.35027.167
MinimumVisualStudioVersion = 10.0.40219.1
Project("{8BC9CEB8-8B4A-11D0-8D11-00A0C91BC942}") = "demo5", "demo5\demo5.vcxproj", "{F0C4F5C8-95D6-4CC7-AF14-6384CB70AA5E}"
EndProject
Global
	GlobalSection(SolutionConfigurationPlatforms) = preSolution
		Debug|x64 = Debug|x64
		Debug|x86 = Debug|x86
		Release|x64 = Release|x64
		Release|x86 = Release|x86
	EndGlobalSection
	GlobalSection(ProjectConfigurationPlatforms) = postSolution
		{F0C4F5C8-95D6-4CC7-AF14-6384CB70AA5E}.Debug|x64.ActiveCfg = Debug|x64
		{F0C4F5C8-95D6-4CC7-AF14-6384CB70AA5E}.Debug|x64.Build.0 = Debug|x64
		{F0C4F5C8-95D6-4CC7-AF14-6384CB70AA5E}.Debug|x86.ActiveCfg = Debug|Win32
		{F0C4F5C8-95D6-4CC7-AF14-6384CB70AA5E}.Debug|x86.Build.0 = Debug|Win32
		{F0C4F5C8-95D6-4CC7-AF14-6384CB70AA5E}.Release|x64.ActiveCfg = Release|x64
		{F0C4F5C8-95D6-4CC7-AF14-6384CB70AA5E}.Release|x64.Build.0 = Release|x64
		{F0C4F5C8-95D6-4CC7-AF14-6384CB70AA5E}.Release|x86.ActiveCfg = Release|Win32
		{F0C4F5C8-95D6-4CC7-AF14-6384CB70AA5E}.Release|x86.Build.0 = Release|Win32
	EndGlobalSection
	GlobalSection(SolutionProperties) = preSolution
		HideSolutionNode = FALSE
	EndGlobalSection
	GlobalSection(ExtensibilityGlobals) = postSolution
		SolutionGuid = {38EA3F3D-1421-4E40-8252-F95CD39ACB24}
	EndGlobalSection
EndGlobal
